
Microsoft Visual Studio Solution File, Format Version 12.00
# Visual Studio Version 17
VisualStudioVersion = 17.5.002.0
MinimumVisualStudioVersion = 10.0.40219.1
Project("{9A19103F-16F7-4668-BE54-9A1E7A4F7556}") = "BBIHardwareSupportTools", "BBIHardwareSupportTools.csproj", "{467E0B73-5CED-4CF7-A4FD-29893D539799}"
EndProject
Project("{FAE04EC0-301F-11D3-BF4B-00C04F79EFBC}") = "AirWatchMDMClient", "C:\Users\MarkYoung\SourceCode\AirWatchMDMClient\AirWatchMDMClient\AirWatchMDMClient.csproj", "{F886FD50-D800-470D-B56C-5B9DD9032A94}"
EndProject
Global
	GlobalSection(SolutionConfigurationPlatforms) = preSolution
		Debug|Any CPU = Debug|Any CPU
		Release|Any CPU = Release|Any CPU
	EndGlobalSection
	GlobalSection(ProjectConfigurationPlatforms) = postSolution
		{467E0B73-5CED-4CF7-A4FD-29893D539799}.Debug|Any CPU.ActiveCfg = Debug|Any CPU
		{467E0B73-5CED-4CF7-A4FD-29893D539799}.Debug|Any CPU.Build.0 = Debug|Any CPU
		{467E0B73-5CED-4CF7-A4FD-29893D539799}.Release|Any CPU.ActiveCfg = Release|Any CPU
		{467E0B73-5CED-4CF7-A4FD-29893D539799}.Release|Any CPU.Build.0 = Release|Any CPU
	EndGlobalSection
	GlobalSection(SolutionProperties) = preSolution
		HideSolutionNode = FALSE
	EndGlobalSection
	GlobalSection(ExtensibilityGlobals) = postSolution
		SolutionGuid = {9A835436-7C55-4AC4-BC3C-FDDAB4815BE2}
	EndGlobalSection
EndGlobal
